github.com/Pagefind/pagefind v1.3.0 h1:GTWSLmXIPeQ2bCTOznpoma2wlpsZFX46Hhsll5vjzaU=
github.com/Pagefind/pagefind v1.3.0/go.mod h1:KrTU71C2DHwXNbTI0tRlsvFu9XklVSwMUgkHOFkU3lk=
github.com/jquery/jquery v0.0.0-20250602202129-0ef6020295b6 h1:8A8VJv3OMxaj1fnuDsxwG2AqL7nLeFtWhkuGbF/9pGA=
github.com/jquery/jquery v0.0.0-20250602202129-0ef6020295b6/go.mod h1:awH0v5ImrD4lpSNYgzEFDJGCfWp3Y+4uYc2qFZDen9w=
github.com/krisk/Fuse v7.1.0+incompatible h1:WKrE7/HvvQQnysvOcOXk+KDlKoH+Z6S0KJcAtbglvXs=
github.com/krisk/Fuse v7.1.0+incompatible/go.mod h1:3moWv8rDjwoKic9nwiPLgZjldkbdTAbtzJHCu/Vsj4A=
github.com/pagedjs/pagedjs v0.4.3 h1:ey3RXn5upba9nDLgj8skMS+nvKmk3ztVFu5tSaZvK0E=
github.com/pagedjs/pagedjs v0.4.3/go.mod h1:L30WyAT2OsrI87aEe+0hOH8h9EVfcRN9xi5XFUGYdr4=
github.com/twbs/bootstrap v5.3.7+incompatible h1:ea1W8TOWZFkqSK2M0McpgzLiUQVru3bz8aHb0j/XtuM=
github.com/twbs/bootstrap v5.3.7+incompatible/go.mod h1:fZTSrkpSf0/HkL0IIJzvVspTt1r9zuf7XlZau8kpcY0=
github.com/twbs/icons v1.13.1 h1:6bmNXvoeIbvjFWjfbjXg5JGbelLD1haIsMaEIzE9UZI=
github.com/twbs/icons v1.13.1/go.mod h1:GnRlymgVWp5iVJCMa0Me5b6tFyGpVc2bSxPMRGIJmyA=
